# This file is autogenerated, do not edit; changes may be undone by the next 'dep ensure'.


[[projects]]
  digest = "1:1734c0c5e6a0529a2651d732d15fc22d620b8511dab35de2854fb20eeb4634fb"
  name = "github.com/eladSalti/go_test-t"
  packages = ["."]
  pruneopts = "UT"
  revision = "99cfd8b223c5d556906145bbbb0b3100bbcfb8f2"
  version = "v1.0.4"

[[projects]]
  digest = "1:0594af97b2f4cec6554086eeace6597e20a4b69466eb4ada25adf9f4300dddd2"
  name = "github.com/garyburd/redigo"
  packages = [
    "internal",
    "redis",
  ]
  pruneopts = "UT"
  revision = "a69d19351219b6dd56f274f96d85a7014a2ec34e"
  version = "v1.6.0"

[[projects]]
  digest = "1:a63cff6b5d8b95638bfe300385d93b2a6d9d687734b863da8e09dc834510a690"
  name = "github.com/google/go-querystring"
  packages = ["query"]
  pruneopts = "UT"
  revision = "44c6ddd0a2342c386950e880b658017258da92fc"
  version = "v1.0.0"

[solve-meta]
  analyzer-name = "dep"
  analyzer-version = 1
  input-imports = [
    "github.com/eladSalti/go_test-t",
    "github.com/garyburd/redigo/redis",
    "github.com/google/go-querystring/query",
  ]
  solver-name = "gps-cdcl"
  solver-version = 1
